
Microsoft Visual Studio Solution File, Format Version 12.00
# Visual Studio Version 16
VisualStudioVersion = 16.0.31515.178
MinimumVisualStudioVersion = 10.0.40219.1
Project("{8BC9CEB8-8B4A-11D0-8D11-00A0C91BC942}") = "Ledesma_Final", "Ledesma_Final\Ledesma_Final.vcxproj", "{16F1E092-90FF-4F8B-AE48-8DCBA67FE542}"
EndProject
Global
	GlobalSection(SolutionConfigurationPlatforms) = preSolution
		Debug|x64 = Debug|x64
		Debug|x86 = Debug|x86
		Release|x64 = Release|x64
		Release|x86 = Release|x86
	EndGlobalSection
	GlobalSection(ProjectConfigurationPlatforms) = postSolution
		{16F1E092-90FF-4F8B-AE48-8DCBA67FE542}.Debug|x64.ActiveCfg = Debug|x64
		{16F1E092-90FF-4F8B-AE48-8DCBA67FE542}.Debug|x64.Build.0 = Debug|x64
		{16F1E092-90FF-4F8B-AE48-8DCBA67FE542}.Debug|x86.ActiveCfg = Debug|Win32
		{16F1E092-90FF-4F8B-AE48-8DCBA67FE542}.Debug|x86.Build.0 = Debug|Win32
		{16F1E092-90FF-4F8B-AE48-8DCBA67FE542}.Release|x64.ActiveCfg = Release|x64
		{16F1E092-90FF-4F8B-AE48-8DCBA67FE542}.Release|x64.Build.0 = Release|x64
		{16F1E092-90FF-4F8B-AE48-8DCBA67FE542}.Release|x86.ActiveCfg = Release|Win32
		{16F1E092-90FF-4F8B-AE48-8DCBA67FE542}.Release|x86.Build.0 = Release|Win32
	EndGlobalSection
	GlobalSection(SolutionProperties) = preSolution
		HideSolutionNode = FALSE
	EndGlobalSection
	GlobalSection(ExtensibilityGlobals) = postSolution
		SolutionGuid = {91A20202-1FE3-4A9B-8414-58FC39FFBDBE}
	EndGlobalSection
EndGlobal
